<?xml version="1.0" encoding="utf-8"?>
<Project ToolsVersion="4.0" xmlns="http://schemas.microsoft.com/developer/msbuild/2003">
  <ItemGroup>
    <Filter Include="Source Files">
      <UniqueIdentifier>{4FC737F1-C7A5-4376-A066-2A32D752A2FF}</UniqueIdentifier>
      <Extensions>cpp;c;cc;cxx;c++;cppm;ixx;def;odl;idl;hpj;bat;asm;asmx</Extensions>
    </Filter>
    <Filter Include="Header Files">
      <UniqueIdentifier>{93995380-89BD-4b04-88EB-625FBE52EBFB}</UniqueIdentifier>
      <Extensions>h;hh;hpp;hxx;h++;hm;inl;inc;ipp;xsd</Extensions>
    </Filter>
    <Filter Include="Shaders">
      <UniqueIdentifier>{3cdbe9b4-12fb-4c0f-b4f5-a9e1f2586c05}</UniqueIdentifier>
    </Filter>
  </ItemGroup>
  <ItemGroup>
    <ClCompile Include="Source files\main.cpp">
      <Filter>Source Files</Filter>
    </ClCompile>
    <ClCompile Include="Source files\triangleCollision.cpp">
      <Filter>Source Files</Filter>
    </ClCompile>
    <ClCompile Include="Source files\glad.cpp">
      <Filter>Source Files</Filter>
    </ClCompile>
    <ClCompile Include="Source files\ResourceNamespace.cpp">
      <Filter>Source Files</Filter>
    </ClCompile>
    <ClCompile Include="Source files\Shader.cpp">
      <Filter>Source Files</Filter>
    </ClCompile>
    <ClCompile Include="Source files\ResourceManager.cpp">
      <Filter>Source Files</Filter>
    </ClCompile>
    <ClCompile Include="Source files\triangle.cpp">
      <Filter>Source Files</Filter>
    </ClCompile>
    <ClCompile Include="Source files\core.cpp">
      <Filter>Source Files</Filter>
    </ClCompile>
    <ClCompile Include="Source files\input.cpp">
      <Filter>Source Files</Filter>
    </ClCompile>
    <ClCompile Include="Source files\Utility.cpp">
      <Filter>Source Files</Filter>
    </ClCompile>
    <ClCompile Include="Source files\viewport.cpp">
      <Filter>Source Files</Filter>
    </ClCompile>
  </ItemGroup>
  <ItemGroup>
    <ClInclude Include="Header files\triangle.h">
      <Filter>Header Files</Filter>
    </ClInclude>
    <ClInclude Include="Header files\triangleCollision.h">
      <Filter>Header Files</Filter>
    </ClInclude>
    <ClInclude Include="Header files\ResourceNamespace.h">
      <Filter>Header Files</Filter>
    </ClInclude>
    <ClInclude Include="Header files\ResourceManager.h">
      <Filter>Header Files</Filter>
    </ClInclude>
    <ClInclude Include="Header files\core.h">
      <Filter>Header Files</Filter>
    </ClInclude>
    <ClInclude Include="Header files\input.h">
      <Filter>Header Files</Filter>
    </ClInclude>
    <ClInclude Include="Header files\Shader.h">
      <Filter>Header Files</Filter>
    </ClInclude>
    <ClInclude Include="Header files\Utility.h">
      <Filter>Header Files</Filter>
    </ClInclude>
    <ClInclude Include="Header files\viewport.h">
      <Filter>Header Files</Filter>
    </ClInclude>
  </ItemGroup>
  <ItemGroup>
    <None Include="Shaders\triangleColor.frag">
      <Filter>Shaders</Filter>
    </None>
    <None Include="Shaders\triangleShape.vert">
      <Filter>Shaders</Filter>
    </None>
    <None Include="Shaders\triangleShape1.vert">
      <Filter>Shaders</Filter>
    </None>
    <None Include="Shaders\border.vert">
      <Filter>Shaders</Filter>
    </None>
  </ItemGroup>
</Project>